{
  "name": "mvc",
  "version": "1.0.0",
  "lockfileVersion": 3,
  "requires": true,
  "packages": {
    "": {
      "name": "mvc",
      "version": "1.0.0",
      "license": "ISC",
      "dependencies": {
        "jquery-datetimepicker": "^2.5.21",
        "select2": "^4.1.0-rc.0"
      }
    },
    "node_modules/jquery": {
      "version": "3.7.1",
      "resolved": "https://registry.npmjs.org/jquery/-/jquery-3.7.1.tgz",
      "integrity": "sha512-m4avr8yL8kmFN8psrbFFFmB/If14iN5o9nw/NgnnM+kybDJpRsAynV2BsfpTYrTRysYUdADVD7CkUUizgkpLfg==",
      "license": "MIT"
    },
    "node_modules/jquery-datetimepicker": {
      "version": "2.5.21",
      "resolved": "https://registry.npmjs.org/jquery-datetimepicker/-/jquery-datetimepicker-2.5.21.tgz",
      "integrity": "sha512-wDTpZ4f1PWd1XGaIIE0n6jLynlm+akBJ7/NjaB1bk2UJSS593CHJPZ3+FNEXoyvNVUeBlBC0oX6WTfCyfUhX/w==",
      "license": "MIT",
      "dependencies": {
        "jquery": ">= 1.7.2",
        "jquery-mousewheel": ">= 3.1.13",
        "php-date-formatter": "^1.3.4"
      }
    },
    "node_modules/jquery-mousewheel": {
      "version": "3.2.2",
      "resolved": "https://registry.npmjs.org/jquery-mousewheel/-/jquery-mousewheel-3.2.2.tgz",
      "integrity": "sha512-JP71xTAg08ZY3hcs9ZbYUZ5i+dkSsz4yRl/zpWkAmtzc+kMs5EfPkpkINSidiLYMaR0MTo3DfFGF9WIezMsFQQ==",
      "license": "MIT",
      "dependencies": {
        "jquery": ">=1.2.6"
      }
    },
    "node_modules/php-date-formatter": {
      "version": "1.3.7",
      "resolved": "https://registry.npmjs.org/php-date-formatter/-/php-date-formatter-1.3.7.tgz",
      "integrity": "sha512-pmHAp3AGz5Ih+TuEJQkmilkB8qWkKYQpnOn93VHzloQQvPFaDqd9vkMOJbLMw2avU6R4/7uPIlfI3A4isvhM3A==",
      "license": "BSD-3-Clause"
    },
    "node_modules/select2": {
      "version": "4.1.0-rc.0",
      "resolved": "https://registry.npmjs.org/select2/-/select2-4.1.0-rc.0.tgz",
      "integrity": "sha512-Hr9TdhyHCZUtwznEH2CBf7967mEM0idtJ5nMtjvk3Up5tPukOLXbHUNmh10oRfeNIhj+3GD3niu+g6sVK+gK0A==",
      "license": "MIT"
    }
  }
}
